
Microsoft Visual Studio Solution File, Format Version 12.00
# Visual Studio Version 16
VisualStudioVersion = 16.0.30406.217
MinimumVisualStudioVersion = 10.0.40219.1
Project("{FAE04EC0-301F-11D3-BF4B-00C04F79EFBC}") = "QuanLyTrungTam", "QuanLyTrungTam\QuanLyTrungTam.csproj", "{71436DC1-4205-422F-9BDA-C12A236C237D}"
EndProject
Project("{FAE04EC0-301F-11D3-BF4B-00C04F79EFBC}") = "Models", "Models\Models.csproj", "{0680C2F9-993C-4770-96A2-0553021E4406}"
EndProject
Global
	GlobalSection(SolutionConfigurationPlatforms) = preSolution
		Debug|Any CPU = Debug|Any CPU
		Release|Any CPU = Release|Any CPU
	EndGlobalSection
	GlobalSection(ProjectConfigurationPlatforms) = postSolution
		{71436DC1-4205-422F-9BDA-C12A236C237D}.Debug|Any CPU.ActiveCfg = Debug|Any CPU
		{71436DC1-4205-422F-9BDA-C12A236C237D}.Debug|Any CPU.Build.0 = Debug|Any CPU
		{71436DC1-4205-422F-9BDA-C12A236C237D}.Release|Any CPU.ActiveCfg = Release|Any CPU
		{71436DC1-4205-422F-9BDA-C12A236C237D}.Release|Any CPU.Build.0 = Release|Any CPU
		{0680C2F9-993C-4770-96A2-0553021E4406}.Debug|Any CPU.ActiveCfg = Debug|Any CPU
		{0680C2F9-993C-4770-96A2-0553021E4406}.Debug|Any CPU.Build.0 = Debug|Any CPU
		{0680C2F9-993C-4770-96A2-0553021E4406}.Release|Any CPU.ActiveCfg = Release|Any CPU
		{0680C2F9-993C-4770-96A2-0553021E4406}.Release|Any CPU.Build.0 = Release|Any CPU
	EndGlobalSection
	GlobalSection(SolutionProperties) = preSolution
		HideSolutionNode = FALSE
	EndGlobalSection
	GlobalSection(ExtensibilityGlobals) = postSolution
		SolutionGuid = {CB724DB7-B50E-49FC-947F-FC263909D363}
	EndGlobalSection
EndGlobal
